
Microsoft Visual Studio Solution File, Format Version 12.00
# Visual Studio 2012
Project("{FAE04EC0-301F-11D3-BF4B-00C04F79EFBC}") = "CSharp.Geeklist.Metro", "CSharp.Geeklist\CSharp.Geeklist.Metro.csproj", "{F96F6D38-D339-4392-9D59-D4C1F9D18FD5}"
EndProject
Project("{FAE04EC0-301F-11D3-BF4B-00C04F79EFBC}") = "CSharp.Geeklist.Test", "CSharp.Geeklist.Test\CSharp.Geeklist.Test.csproj", "{F3E3CA34-83D8-43B5-B77E-AFA7248258C1}"
EndProject
Global
	GlobalSection(SolutionConfigurationPlatforms) = preSolution
		Debug|ARM = Debug|ARM
		Debug|Any CPU = Debug|Any CPU
		Debug|x64 = Debug|x64
		Debug|x86 = Debug|x86
		Release|ARM = Release|ARM
		Release|Any CPU = Release|Any CPU
		Release|x64 = Release|x64
		Release|x86 = Release|x86
	EndGlobalSection
	GlobalSection(ProjectConfigurationPlatforms) = postSolution
		{F3E3CA34-83D8-43B5-B77E-AFA7248258C1}.Debug|ARM.ActiveCfg = Debug|ARM
		{F3E3CA34-83D8-43B5-B77E-AFA7248258C1}.Debug|ARM.Build.0 = Debug|ARM
		{F3E3CA34-83D8-43B5-B77E-AFA7248258C1}.Debug|ARM.Deploy.0 = Debug|ARM
		{F3E3CA34-83D8-43B5-B77E-AFA7248258C1}.Debug|Any CPU.ActiveCfg = Debug|Any CPU
		{F3E3CA34-83D8-43B5-B77E-AFA7248258C1}.Debug|Any CPU.Build.0 = Debug|Any CPU
		{F3E3CA34-83D8-43B5-B77E-AFA7248258C1}.Debug|Any CPU.Deploy.0 = Debug|Any CPU
		{F3E3CA34-83D8-43B5-B77E-AFA7248258C1}.Debug|x64.ActiveCfg = Debug|x64
		{F3E3CA34-83D8-43B5-B77E-AFA7248258C1}.Debug|x64.Build.0 = Debug|x64
		{F3E3CA34-83D8-43B5-B77E-AFA7248258C1}.Debug|x64.Deploy.0 = Debug|x64
		{F3E3CA34-83D8-43B5-B77E-AFA7248258C1}.Debug|x86.ActiveCfg = Debug|x86
		{F3E3CA34-83D8-43B5-B77E-AFA7248258C1}.Debug|x86.Build.0 = Debug|x86
		{F3E3CA34-83D8-43B5-B77E-AFA7248258C1}.Debug|x86.Deploy.0 = Debug|x86
		{F3E3CA34-83D8-43B5-B77E-AFA7248258C1}.Release|ARM.ActiveCfg = Release|ARM
		{F3E3CA34-83D8-43B5-B77E-AFA7248258C1}.Release|ARM.Build.0 = Release|ARM
		{F3E3CA34-83D8-43B5-B77E-AFA7248258C1}.Release|ARM.Deploy.0 = Release|ARM
		{F3E3CA34-83D8-43B5-B77E-AFA7248258C1}.Release|Any CPU.ActiveCfg = Release|Any CPU
		{F3E3CA34-83D8-43B5-B77E-AFA7248258C1}.Release|Any CPU.Build.0 = Release|Any CPU
		{F3E3CA34-83D8-43B5-B77E-AFA7248258C1}.Release|Any CPU.Deploy.0 = Release|Any CPU
		{F3E3CA34-83D8-43B5-B77E-AFA7248258C1}.Release|x64.ActiveCfg = Release|x64
		{F3E3CA34-83D8-43B5-B77E-AFA7248258C1}.Release|x64.Build.0 = Release|x64
		{F3E3CA34-83D8-43B5-B77E-AFA7248258C1}.Release|x64.Deploy.0 = Release|x64
		{F3E3CA34-83D8-43B5-B77E-AFA7248258C1}.Release|x86.ActiveCfg = Release|x86
		{F3E3CA34-83D8-43B5-B77E-AFA7248258C1}.Release|x86.Build.0 = Release|x86
		{F3E3CA34-83D8-43B5-B77E-AFA7248258C1}.Release|x86.Deploy.0 = Release|x86
		{F96F6D38-D339-4392-9D59-D4C1F9D18FD5}.Debug|ARM.ActiveCfg = Debug|ARM
		{F96F6D38-D339-4392-9D59-D4C1F9D18FD5}.Debug|ARM.Build.0 = Debug|ARM
		{F96F6D38-D339-4392-9D59-D4C1F9D18FD5}.Debug|Any CPU.ActiveCfg = Debug|Any CPU
		{F96F6D38-D339-4392-9D59-D4C1F9D18FD5}.Debug|Any CPU.Build.0 = Debug|Any CPU
		{F96F6D38-D339-4392-9D59-D4C1F9D18FD5}.Debug|x64.ActiveCfg = Debug|x64
		{F96F6D38-D339-4392-9D59-D4C1F9D18FD5}.Debug|x64.Build.0 = Debug|x64
		{F96F6D38-D339-4392-9D59-D4C1F9D18FD5}.Debug|x86.ActiveCfg = Debug|x86
		{F96F6D38-D339-4392-9D59-D4C1F9D18FD5}.Debug|x86.Build.0 = Debug|x86
		{F96F6D38-D339-4392-9D59-D4C1F9D18FD5}.Release|ARM.ActiveCfg = Release|ARM
		{F96F6D38-D339-4392-9D59-D4C1F9D18FD5}.Release|ARM.Build.0 = Release|ARM
		{F96F6D38-D339-4392-9D59-D4C1F9D18FD5}.Release|Any CPU.ActiveCfg = Release|Any CPU
		{F96F6D38-D339-4392-9D59-D4C1F9D18FD5}.Release|Any CPU.Build.0 = Release|Any CPU
		{F96F6D38-D339-4392-9D59-D4C1F9D18FD5}.Release|x64.ActiveCfg = Release|x64
		{F96F6D38-D339-4392-9D59-D4C1F9D18FD5}.Release|x64.Build.0 = Release|x64
		{F96F6D38-D339-4392-9D59-D4C1F9D18FD5}.Release|x86.ActiveCfg = Release|x86
		{F96F6D38-D339-4392-9D59-D4C1F9D18FD5}.Release|x86.Build.0 = Release|x86
	EndGlobalSection
	GlobalSection(SolutionProperties) = preSolution
		HideSolutionNode = FALSE
	EndGlobalSection
EndGlobal
